
Microsoft Visual Studio Solution File, Format Version 12.00
# Visual Studio Version 17
VisualStudioVersion = 17.5.33502.453
MinimumVisualStudioVersion = 10.0.40219.1
Project("{FAE04EC0-301F-11D3-BF4B-00C04F79EFBC}") = "Reflection", "Reflection\Reflection.csproj", "{CA07537D-1D81-4C78-8A9C-26F8D36AF093}"
EndProject
Global
	GlobalSection(SolutionConfigurationPlatforms) = preSolution
		Debug|Any CPU = Debug|Any CPU
		Release|Any CPU = Release|Any CPU
	EndGlobalSection
	GlobalSection(ProjectConfigurationPlatforms) = postSolution
		{CA07537D-1D81-4C78-8A9C-26F8D36AF093}.Debug|Any CPU.ActiveCfg = Debug|Any CPU
		{CA07537D-1D81-4C78-8A9C-26F8D36AF093}.Debug|Any CPU.Build.0 = Debug|Any CPU
		{CA07537D-1D81-4C78-8A9C-26F8D36AF093}.Release|Any CPU.ActiveCfg = Release|Any CPU
		{CA07537D-1D81-4C78-8A9C-26F8D36AF093}.Release|Any CPU.Build.0 = Release|Any CPU
	EndGlobalSection
	GlobalSection(SolutionProperties) = preSolution
		HideSolutionNode = FALSE
	EndGlobalSection
	GlobalSection(ExtensibilityGlobals) = postSolution
		SolutionGuid = {050C3223-4AEF-4A64-BB85-4C742F7A2797}
	EndGlobalSection
EndGlobal
